
Microsoft Visual Studio Solution File, Format Version 12.00
# Visual Studio 2013
VisualStudioVersion = 12.0.30723.0
MinimumVisualStudioVersion = 10.0.40219.1
Project("{FAE04EC0-301F-11D3-BF4B-00C04F79EFBC}") = "LegacyFiles", "LegacyFiles\LegacyFiles.csproj", "{7D01DFDD-292D-474A-90A7-B5E1750A8AEE}"
EndProject
Global
	GlobalSection(SolutionConfigurationPlatforms) = preSolution
		Debug|Any CPU = Debug|Any CPU
		Release|Any CPU = Release|Any CPU
	EndGlobalSection
	GlobalSection(ProjectConfigurationPlatforms) = postSolution
		{7D01DFDD-292D-474A-90A7-B5E1750A8AEE}.Debug|Any CPU.ActiveCfg = Debug|Any CPU
		{7D01DFDD-292D-474A-90A7-B5E1750A8AEE}.Debug|Any CPU.Build.0 = Debug|Any CPU
		{7D01DFDD-292D-474A-90A7-B5E1750A8AEE}.Release|Any CPU.ActiveCfg = Release|Any CPU
		{7D01DFDD-292D-474A-90A7-B5E1750A8AEE}.Release|Any CPU.Build.0 = Release|Any CPU
	EndGlobalSection
	GlobalSection(SolutionProperties) = preSolution
		HideSolutionNode = FALSE
	EndGlobalSection
EndGlobal
