
Microsoft Visual Studio Solution File, Format Version 12.00
# Visual Studio 2013
VisualStudioVersion = 12.0.30723.0
MinimumVisualStudioVersion = 10.0.40219.1
Project("{FAE04EC0-301F-11D3-BF4B-00C04F79EFBC}") = "CreateUOP", "CreateUOP\CreateUOP.csproj", "{09941ACE-93C6-4A64-8D7B-C7958BCABBCF}"
EndProject
Global
	GlobalSection(SolutionConfigurationPlatforms) = preSolution
		Debug|Any CPU = Debug|Any CPU
		Release|Any CPU = Release|Any CPU
	EndGlobalSection
	GlobalSection(ProjectConfigurationPlatforms) = postSolution
		{09941ACE-93C6-4A64-8D7B-C7958BCABBCF}.Debug|Any CPU.ActiveCfg = Debug|Any CPU
		{09941ACE-93C6-4A64-8D7B-C7958BCABBCF}.Debug|Any CPU.Build.0 = Debug|Any CPU
		{09941ACE-93C6-4A64-8D7B-C7958BCABBCF}.Release|Any CPU.ActiveCfg = Release|Any CPU
		{09941ACE-93C6-4A64-8D7B-C7958BCABBCF}.Release|Any CPU.Build.0 = Release|Any CPU
	EndGlobalSection
	GlobalSection(SolutionProperties) = preSolution
		HideSolutionNode = FALSE
	EndGlobalSection
EndGlobal
